
Microsoft Visual Studio Solution File, Format Version 12.00
# Visual Studio Version 17
VisualStudioVersion = 17.7.34221.43
MinimumVisualStudioVersion = 10.0.40219.1
Project("{9A19103F-16F7-4668-BE54-9A1E7A4F7556}") = "Appendox.Cli", "Appendox.Cli\Appendox.Cli.csproj", "{66556620-4EDE-4978-8842-C3EB9B0CD284}"
EndProject
Project("{FAE04EC0-301F-11D3-BF4B-00C04F79EFBC}") = "Appendox.Core", "Appendox.Core\Appendox.Core.csproj", "{18FE1C38-5334-45DD-9BCB-7B7C22B7E860}"
EndProject
Global
	GlobalSection(SolutionConfigurationPlatforms) = preSolution
		Debug|Any CPU = Debug|Any CPU
		Release|Any CPU = Release|Any CPU
	EndGlobalSection
	GlobalSection(ProjectConfigurationPlatforms) = postSolution
		{66556620-4EDE-4978-8842-C3EB9B0CD284}.Debug|Any CPU.ActiveCfg = Debug|Any CPU
		{66556620-4EDE-4978-8842-C3EB9B0CD284}.Debug|Any CPU.Build.0 = Debug|Any CPU
		{66556620-4EDE-4978-8842-C3EB9B0CD284}.Release|Any CPU.ActiveCfg = Release|Any CPU
		{66556620-4EDE-4978-8842-C3EB9B0CD284}.Release|Any CPU.Build.0 = Release|Any CPU
		{18FE1C38-5334-45DD-9BCB-7B7C22B7E860}.Debug|Any CPU.ActiveCfg = Debug|Any CPU
		{18FE1C38-5334-45DD-9BCB-7B7C22B7E860}.Debug|Any CPU.Build.0 = Debug|Any CPU
		{18FE1C38-5334-45DD-9BCB-7B7C22B7E860}.Release|Any CPU.ActiveCfg = Release|Any CPU
		{18FE1C38-5334-45DD-9BCB-7B7C22B7E860}.Release|Any CPU.Build.0 = Release|Any CPU
	EndGlobalSection
	GlobalSection(SolutionProperties) = preSolution
		HideSolutionNode = FALSE
	EndGlobalSection
	GlobalSection(ExtensibilityGlobals) = postSolution
		SolutionGuid = {5F244222-88D4-462B-BB76-55C42A946D2C}
	EndGlobalSection
EndGlobal
